
Microsoft Visual Studio Solution File, Format Version 12.00
# Visual Studio Version 17
VisualStudioVersion = 17.6.33801.468
MinimumVisualStudioVersion = 10.0.40219.1
Project("{FAE04EC0-301F-11D3-BF4B-00C04F79EFBC}") = "ApiAngular", "ApiAngular\ApiAngular.csproj", "{139482AB-FC84-4694-86D0-38D2A776B838}"
EndProject
Global
	GlobalSection(SolutionConfigurationPlatforms) = preSolution
		Debug|Any CPU = Debug|Any CPU
		Release|Any CPU = Release|Any CPU
	EndGlobalSection
	GlobalSection(ProjectConfigurationPlatforms) = postSolution
		{139482AB-FC84-4694-86D0-38D2A776B838}.Debug|Any CPU.ActiveCfg = Debug|Any CPU
		{139482AB-FC84-4694-86D0-38D2A776B838}.Debug|Any CPU.Build.0 = Debug|Any CPU
		{139482AB-FC84-4694-86D0-38D2A776B838}.Release|Any CPU.ActiveCfg = Release|Any CPU
		{139482AB-FC84-4694-86D0-38D2A776B838}.Release|Any CPU.Build.0 = Release|Any CPU
	EndGlobalSection
	GlobalSection(SolutionProperties) = preSolution
		HideSolutionNode = FALSE
	EndGlobalSection
	GlobalSection(ExtensibilityGlobals) = postSolution
		SolutionGuid = {6318318D-4097-43B3-83E8-218B1D2CD357}
	EndGlobalSection
EndGlobal
